{
  "nodes": {
    "flake-utils": {
      "inputs": {
        "systems": "systems"
      },
      "locked": {
        "lastModified": 1731533236,
        "narHash": "sha256-l0KFg5HjrsfsO/JpG+r7fRrqm12kzFHyUHqHCVpMMbI=",
        "owner": "numtide",
        "repo": "flake-utils",
        "rev": "11707dc2f618dd54ca8739b309ec4fc024de578b",
        "type": "github"
      },
      "original": {
        "owner": "numtide",
        "repo": "flake-utils",
        "type": "github"
      }
    },
    "kubectl-gs": {
      "flake": false,
      "locked": {
        "lastModified": 1736331117,
        "narHash": "sha256-RilXM9JTHkTseh1Cu3eUBx/e06BijT1M7QmHHUk3XtQ=",
        "owner": "giantswarm",
        "repo": "kubectl-gs",
        "rev": "f3e0a15ad91e5333496c51ed953ff05b7f67c78b",
        "type": "github"
      },
      "original": {
        "owner": "giantswarm",
        "ref": "v4.7.0",
        "repo": "kubectl-gs",
        "type": "github"
      }
    },
    "nixpkgs": {
      "locked": {
        "lastModified": 1742669843,
        "narHash": "sha256-G5n+FOXLXcRx+3hCJ6Rt6ZQyF1zqQ0DL0sWAMn2Nk0w=",
        "owner": "nixos",
        "repo": "nixpkgs",
        "rev": "1e5b653dff12029333a6546c11e108ede13052eb",
        "type": "github"
      },
      "original": {
        "owner": "nixos",
        "ref": "nixos-unstable",
        "repo": "nixpkgs",
        "type": "github"
      }
    },
    "opsctl": {
      "flake": false,
      "locked": {
        "lastModified": 1742570167,
        "narHash": "sha256-Hgqxl8HSRWoTLczh3lJJzn64hPk6kTQIfmCf6M7Qgpk=",
        "ref": "refs/heads/main",
        "rev": "fb40f755e70521ace2435042a3660c92b976d9e5",
        "revCount": 1906,
        "type": "git",
        "url": "ssh://git@github.com/giantswarm/opsctl.git"
      },
      "original": {
        "rev": "fb40f755e70521ace2435042a3660c92b976d9e5",
        "type": "git",
        "url": "ssh://git@github.com/giantswarm/opsctl.git"
      }
    },
    "root": {
      "inputs": {
        "flake-utils": "flake-utils",
        "kubectl-gs": "kubectl-gs",
        "nixpkgs": "nixpkgs",
        "opsctl": "opsctl"
      }
    },
    "systems": {
      "locked": {
        "lastModified": 1681028828,
        "narHash": "sha256-Vy1rq5AaRuLzOxct8nz4T6wlgyUR7zLU309k9mBC768=",
        "owner": "nix-systems",
        "repo": "default",
        "rev": "da67096a3b9bf56a91d16901293e51ba5b49a27e",
        "type": "github"
      },
      "original": {
        "owner": "nix-systems",
        "repo": "default",
        "type": "github"
      }
    }
  },
  "root": "root",
  "version": 7
}
