{
  "nodes": {
    "flake-utils": {
      "inputs": {
        "systems": "systems"
      },
      "locked": {
        "lastModified": 1694529238,
        "narHash": "sha256-zsNZZGTGnMOf9YpHKJqMSsa0dXbfmxeoJ7xHlrt+xmY=",
        "owner": "numtide",
        "repo": "flake-utils",
        "rev": "ff7b65b44d01cf9ba6a71320833626af21126384",
        "type": "github"
      },
      "original": {
        "owner": "numtide",
        "repo": "flake-utils",
        "type": "github"
      }
    },
    "kubectl-gs": {
      "flake": false,
      "locked": {
        "lastModified": 1701851326,
        "narHash": "sha256-gCOTIZ4r/U29HNtFxht2V2nqdBvBnG6Tz8hwx+qU6Tw=",
        "owner": "giantswarm",
        "repo": "kubectl-gs",
        "rev": "43abd644235835803cc96eb21ea59408722b72f8",
        "type": "github"
      },
      "original": {
        "owner": "giantswarm",
        "ref": "v2.49.1",
        "repo": "kubectl-gs",
        "type": "github"
      }
    },
    "nixpkgs": {
      "locked": {
        "lastModified": 1699099776,
        "narHash": "sha256-X09iKJ27mGsGambGfkKzqvw5esP1L/Rf8H3u3fCqIiU=",
        "owner": "nixos",
        "repo": "nixpkgs",
        "rev": "85f1ba3e51676fa8cc604a3d863d729026a6b8eb",
        "type": "github"
      },
      "original": {
        "owner": "nixos",
        "ref": "nixos-unstable",
        "repo": "nixpkgs",
        "type": "github"
      }
    },
    "opsctl": {
      "flake": false,
      "locked": {
        "lastModified": 1697794159,
        "narHash": "sha256-yML+lUytq1sECGLWjh+vcd4DBXd8pIB01EW+jBdxtDg=",
        "ref": "refs/heads/main",
        "rev": "18146a44e3d9c55fb4657ac5b80eb33721561891",
        "revCount": 1459,
        "type": "git",
        "url": "ssh://git@github.com/giantswarm/opsctl.git"
      },
      "original": {
        "rev": "18146a44e3d9c55fb4657ac5b80eb33721561891",
        "type": "git",
        "url": "ssh://git@github.com/giantswarm/opsctl.git"
      }
    },
    "root": {
      "inputs": {
        "flake-utils": "flake-utils",
        "kubectl-gs": "kubectl-gs",
        "nixpkgs": "nixpkgs",
        "opsctl": "opsctl"
      }
    },
    "systems": {
      "locked": {
        "lastModified": 1681028828,
        "narHash": "sha256-Vy1rq5AaRuLzOxct8nz4T6wlgyUR7zLU309k9mBC768=",
        "owner": "nix-systems",
        "repo": "default",
        "rev": "da67096a3b9bf56a91d16901293e51ba5b49a27e",
        "type": "github"
      },
      "original": {
        "owner": "nix-systems",
        "repo": "default",
        "type": "github"
      }
    }
  },
  "root": "root",
  "version": 7
}
