{
  "nodes": {
    "envctl": {
      "flake": false,
      "locked": {
        "lastModified": 1747911592,
        "narHash": "sha256-sYAX9c1qMc0zxB6E1kGIsaRXiu0hFKjI+Ig2NNsZai8=",
        "owner": "giantswarm",
        "repo": "envctl",
        "rev": "557d3a64fce3766e933071ae73546729b89f54ae",
        "type": "github"
      },
      "original": {
        "owner": "giantswarm",
        "ref": "v0.0.9",
        "repo": "envctl",
        "type": "github"
      }
    },
    "flake-utils": {
      "inputs": {
        "systems": "systems"
      },
      "locked": {
        "lastModified": 1731533236,
        "narHash": "sha256-l0KFg5HjrsfsO/JpG+r7fRrqm12kzFHyUHqHCVpMMbI=",
        "owner": "numtide",
        "repo": "flake-utils",
        "rev": "11707dc2f618dd54ca8739b309ec4fc024de578b",
        "type": "github"
      },
      "original": {
        "owner": "numtide",
        "repo": "flake-utils",
        "type": "github"
      }
    },
    "kubectl-gs": {
      "flake": false,
      "locked": {
        "lastModified": 1746091145,
        "narHash": "sha256-DWAIYX0r8U/wR8broKlSCn9Pl8/o1moWDpkVKjktXRQ=",
        "owner": "giantswarm",
        "repo": "kubectl-gs",
        "rev": "3c3b9f2eee2254b6bdd25e53c33f7a46daa8eef5",
        "type": "github"
      },
      "original": {
        "owner": "giantswarm",
        "ref": "v4.8.0",
        "repo": "kubectl-gs",
        "type": "github"
      }
    },
    "nixpkgs": {
      "locked": {
        "lastModified": 1749794982,
        "narHash": "sha256-Kh9K4taXbVuaLC0IL+9HcfvxsSUx8dPB5s5weJcc9pc=",
        "owner": "nixos",
        "repo": "nixpkgs",
        "rev": "ee930f9755f58096ac6e8ca94a1887e0534e2d81",
        "type": "github"
      },
      "original": {
        "owner": "nixos",
        "ref": "nixos-unstable",
        "repo": "nixpkgs",
        "type": "github"
      }
    },
    "opsctl": {
      "flake": false,
      "locked": {
        "lastModified": 1745515315,
        "narHash": "sha256-r7XNjxScFI+m7rlLyoSLBT8r7L/Vj/d6yhttIDNk198=",
        "ref": "refs/heads/main",
        "rev": "454a90f7ca4cebb75bc61bada35773b92c1e6a64",
        "revCount": 1936,
        "type": "git",
        "url": "ssh://git@github.com/giantswarm/opsctl.git"
      },
      "original": {
        "rev": "454a90f7ca4cebb75bc61bada35773b92c1e6a64",
        "type": "git",
        "url": "ssh://git@github.com/giantswarm/opsctl.git"
      }
    },
    "root": {
      "inputs": {
        "envctl": "envctl",
        "flake-utils": "flake-utils",
        "kubectl-gs": "kubectl-gs",
        "nixpkgs": "nixpkgs",
        "opsctl": "opsctl"
      }
    },
    "systems": {
      "locked": {
        "lastModified": 1681028828,
        "narHash": "sha256-Vy1rq5AaRuLzOxct8nz4T6wlgyUR7zLU309k9mBC768=",
        "owner": "nix-systems",
        "repo": "default",
        "rev": "da67096a3b9bf56a91d16901293e51ba5b49a27e",
        "type": "github"
      },
      "original": {
        "owner": "nix-systems",
        "repo": "default",
        "type": "github"
      }
    }
  },
  "root": "root",
  "version": 7
}
